
Microsoft Visual Studio Solution File, Format Version 12.00
# Visual Studio 15
VisualStudioVersion = 15.0.27130.2024
MinimumVisualStudioVersion = 10.0.40219.1
Project("{FAE04EC0-301F-11D3-BF4B-00C04F79EFBC}") = "QuizApp", "QuizApp\QuizApp.csproj", "{C01180F0-131F-4D42-BC57-FE3307217A21}"
EndProject
Project("{FAE04EC0-301F-11D3-BF4B-00C04F79EFBC}") = "QuizApp.Tests", "QuizApp.Tests\QuizApp.Tests.csproj", "{AFAF3858-E46E-4AC6-A000-2AACE6FB78FB}"
EndProject
Global
	GlobalSection(SolutionConfigurationPlatforms) = preSolution
		Debug|Any CPU = Debug|Any CPU
		Release|Any CPU = Release|Any CPU
	EndGlobalSection
	GlobalSection(ProjectConfigurationPlatforms) = postSolution
		{C01180F0-131F-4D42-BC57-FE3307217A21}.Debug|Any CPU.ActiveCfg = Debug|Any CPU
		{C01180F0-131F-4D42-BC57-FE3307217A21}.Debug|Any CPU.Build.0 = Debug|Any CPU
		{C01180F0-131F-4D42-BC57-FE3307217A21}.Release|Any CPU.ActiveCfg = Release|Any CPU
		{C01180F0-131F-4D42-BC57-FE3307217A21}.Release|Any CPU.Build.0 = Release|Any CPU
		{AFAF3858-E46E-4AC6-A000-2AACE6FB78FB}.Debug|Any CPU.ActiveCfg = Debug|Any CPU
		{AFAF3858-E46E-4AC6-A000-2AACE6FB78FB}.Debug|Any CPU.Build.0 = Debug|Any CPU
		{AFAF3858-E46E-4AC6-A000-2AACE6FB78FB}.Release|Any CPU.ActiveCfg = Release|Any CPU
		{AFAF3858-E46E-4AC6-A000-2AACE6FB78FB}.Release|Any CPU.Build.0 = Release|Any CPU
	EndGlobalSection
	GlobalSection(SolutionProperties) = preSolution
		HideSolutionNode = FALSE
	EndGlobalSection
	GlobalSection(ExtensibilityGlobals) = postSolution
		SolutionGuid = {7294C857-E822-4FC7-836C-871FE5256F51}
	EndGlobalSection
EndGlobal
